PODS:
  - TPDataKit (1.0.2):
    - TPDataKit/Base (= 1.0.2)
    - TPDataKit/UIKit (= 1.0.2)
  - TPDataKit/Base (1.0.2)
  - TPDataKit/UIKit (1.0.2):
    - TPDataKit/Base

DEPENDENCIES:
  - TPDataKit (from `../`)

EXTERNAL SOURCES:
  TPDataKit:
    :path: "../"

SPEC CHECKSUMS:
  TPDataKit: 89e3c1bdbd7dc1e60a02b9227de5eb1f36c0731c

PODFILE CHECKSUM: feac9a1eeb7519fc4bc8173534cb95832ed08486

COCOAPODS: 1.5.3
